// !$*UTF8*$!
{
	archiveVersion = 1;
	classes = {
	};
	objectVersion = 46;
	objects = {

/* Begin PBXBuildFile section */
		C9563A131BBADAD20092E776 /* AppDelegate.swift in Sources */ = {isa = PBXBuildFile; fileRef = C9563A121BBADAD20092E776 /* AppDelegate.swift */; };
		C9563A151BBADAD20092E776 /* ViewController.swift in Sources */ = {isa = PBXBuildFile; fileRef = C9563A141BBADAD20092E776 /* ViewController.swift */; };
		C9563A181BBADAD20092E776 /* Main.storyboard in Resources */ = {isa = PBXBuildFile; fileRef = C9563A161BBADAD20092E776 /* Main.storyboard */; };
		C9563A1A1BBADAD20092E776 /* Assets.xcassets in Resources */ = {isa = PBXBuildFile; fileRef = C9563A191BBADAD20092E776 /* Assets.xcassets */; };
		C9563A1D1BBADAD20092E776 /* LaunchScreen.storyboard in Resources */ = {isa = PBXBuildFile; fileRef = C9563A1B1BBADAD20092E776 /* LaunchScreen.storyboard */; };
		C9563A281BBADAD30092E776 /* AdivinaNumeroTests.swift in Sources */ = {isa = PBXBuildFile; fileRef = C9563A271BBADAD30092E776 /* AdivinaNumeroTests.swift */; };
		C9563A331BBADAD30092E776 /* AdivinaNumeroUITests.swift in Sources */ = {isa = PBXBuildFile; fileRef = C9563A321BBADAD30092E776 /* AdivinaNumeroUITests.swift */; };
		C971709A1BBC5F4800306C86 /* ViewController2.swift in Sources */ = {isa = PBXBuildFile; fileRef = C97170991BBC5F4800306C86 /* ViewController2.swift */; settings = {ASSET_TAGS = (); }; };
/* End PBXBuildFile section */

/* Begin PBXContainerItemProxy section */
		C9563A241BBADAD30092E776 /* PBXContainerItemProxy */ = {
			isa = PBXContainerItemProxy;
			containerPortal = C9563A071BBADAD20092E776 /* Project object */;
			proxyType = 1;
			remoteGlobalIDString = C9563A0E1BBADAD20092E776;
			remoteInfo = AdivinaNumero;
		};
		C9563A2F1BBADAD30092E776 /* PBXContainerItemProxy */ = {
			isa = PBXContainerItemProxy;
			containerPortal = C9563A071BBADAD20092E776 /* Project object */;
			proxyType = 1;
			remoteGlobalIDString = C9563A0E1BBADAD20092E776;
			remoteInfo = AdivinaNumero;
		};
/* End PBXContainerItemProxy section */

/* Begin PBXFileReference section */
		C9563A0F1BBADAD20092E776 /* AdivinaNumero.app */ = {isa = PBXFileReference; explicitFileType = wrapper.application; includeInIndex = 0; path = AdivinaNumero.app; sourceTree = BUILT_PRODUCTS_DIR; };
		C9563A121BBADAD20092E776 /* AppDelegate.swift */ = {isa = PBXFileReference; lastKnownFileType = sourcecode.swift; path = AppDelegate.swift; sourceTree = "<group>"; };
		C9563A141BBADAD20092E776 /* ViewController.swift */ = {isa = PBXFileReference; lastKnownFileType = sourcecode.swift; path = ViewController.swift; sourceTree = "<group>"; };
		C9563A171BBADAD20092E776 /* Base */ = {isa = PBXFileReference; lastKnownFileType = file.storyboard; name = Base; path = Base.lproj/Main.storyboard; sourceTree = "<group>"; };
		C9563A191BBADAD20092E776 /* Assets.xcassets */ = {isa = PBXFileReference; lastKnownFileType = folder.assetcatalog; path = Assets.xcassets; sourceTree = "<group>"; };
		C9563A1C1BBADAD20092E776 /* Base */ = {isa = PBXFileReference; lastKnownFileType = file.storyboard; name = Base; path = Base.lproj/LaunchScreen.storyboard; sourceTree = "<group>"; };
		C9563A1E1BBADAD20092E776 /* Info.plist */ = {isa = PBXFileReference; lastKnownFileType = text.plist.xml; path = Info.plist; sourceTree = "<group>"; };
		C9563A231BBADAD30092E776 /* AdivinaNumeroTests.xctest */ = {isa = PBXFileReference; explicitFileType = wrapper.cfbundle; includeInIndex = 0; path = AdivinaNumeroTests.xctest; sourceTree = BUILT_PRODUCTS_DIR; };
		C9563A271BBADAD30092E776 /* AdivinaNumeroTests.swift */ = {isa = PBXFileReference; lastKnownFileType = sourcecode.swift; path = AdivinaNumeroTests.swift; sourceTree = "<group>"; };
		C9563A291BBADAD30092E776 /* Info.plist */ = {isa = PBXFileReference; lastKnownFileType = text.plist.xml; path = Info.plist; sourceTree = "<group>"; };
		C9563A2E1BBADAD30092E776 /* AdivinaNumeroUITests.xctest */ = {isa = PBXFileReference; explicitFileType = wrapper.cfbundle; includeInIndex = 0; path = AdivinaNumeroUITests.xctest; sourceTree = BUILT_PRODUCTS_DIR; };
		C9563A321BBADAD30092E776 /* AdivinaNumeroUITests.swift */ = {isa = PBXFileReference; lastKnownFileType = sourcecode.swift; path = AdivinaNumeroUITests.swift; sourceTree = "<group>"; };
		C9563A341BBADAD30092E776 /* Info.plist */ = {isa = PBXFileReference; lastKnownFileType = text.plist.xml; path = Info.plist; sourceTree = "<group>"; };
		C97170991BBC5F4800306C86 /* ViewController2.swift */ = {isa = PBXFileReference; fileEncoding = 4; lastKnownFileType = sourcecode.swift; path = ViewController2.swift; sourceTree = "<group>"; };
/* End PBXFileReference section */

/* Begin PBXFrameworksBuildPhase section */
		C9563A0C1BBADAD20092E776 /* Frameworks */ = {
			isa = PBXFrameworksBuildPhase;
			buildActionMask = 2147483647;
			files = (
			);
			runOnlyForDeploymentPostprocessing = 0;
		};
		C9563A201BBADAD30092E776 /* Frameworks */ = {
			isa = PBXFrameworksBuildPhase;
			buildActionMask = 2147483647;
			files = (
			);
			runOnlyForDeploymentPostprocessing = 0;
		};
		C9563A2B1BBADAD30092E776 /* Frameworks */ = {
			isa = PBXFrameworksBuildPhase;
			buildActionMask = 2147483647;
			files = (
			);
			runOnlyForDeploymentPostprocessing = 0;
		};
/* End PBXFrameworksBuildPhase section */

/* Begin PBXGroup section */
		C9563A061BBADAD20092E776 = {
			isa = PBXGroup;
			children = (
				C97170991BBC5F4800306C86 /* ViewController2.swift */,
				C9563A261BBADAD30092E776 /* AdivinaNumeroTests */,
				C9563A111BBADAD20092E776 /* AdivinaNumero */,
				C9563A311BBADAD30092E776 /* AdivinaNumeroUITests */,
				C9563A101BBADAD20092E776 /* Products */,
			);
			sourceTree = "<group>";
		};
		C9563A101BBADAD20092E776 /* Products */ = {
			isa = PBXGroup;
			children = (
				C9563A0F1BBADAD20092E776 /* AdivinaNumero.app */,
				C9563A231BBADAD30092E776 /* AdivinaNumeroTests.xctest */,
				C9563A2E1BBADAD30092E776 /* AdivinaNumeroUITests.xctest */,
			);
			name = Products;
			sourceTree = "<group>";
		};
		C9563A111BBADAD20092E776 /* AdivinaNumero */ = {
			isa = PBXGroup;
			children = (
				C9563A121BBADAD20092E776 /* AppDelegate.swift */,
				C9563A141BBADAD20092E776 /* ViewController.swift */,
				C9563A161BBADAD20092E776 /* Main.storyboard */,
				C9563A191BBADAD20092E776 /* Assets.xcassets */,
				C9563A1B1BBADAD20092E776 /* LaunchScreen.storyboard */,
				C9563A1E1BBADAD20092E776 /* Info.plist */,
			);
			path = AdivinaNumero;
			sourceTree = "<group>";
		};
		C9563A261BBADAD30092E776 /* AdivinaNumeroTests */ = {
			isa = PBXGroup;
			children = (
				C9563A271BBADAD30092E776 /* AdivinaNumeroTests.swift */,
				C9563A291BBADAD30092E776 /* Info.plist */,
			);
			path = AdivinaNumeroTests;
			sourceTree = "<group>";
		};
		C9563A311BBADAD30092E776 /* AdivinaNumeroUITests */ = {
			isa = PBXGroup;
			children = (
				C9563A321BBADAD30092E776 /* AdivinaNumeroUITests.swift */,
				C9563A341BBADAD30092E776 /* Info.plist */,
			);
			path = AdivinaNumeroUITests;
			sourceTree = "<group>";
		};
/* End PBXGroup section */

/* Begin PBXNativeTarget section */
		C9563A0E1BBADAD20092E776 /* AdivinaNumero */ = {
			isa = PBXNativeTarget;
			buildConfigurationList = C9563A371BBADAD30092E776 /* Build configuration list for PBXNativeTarget "AdivinaNumero" */;
			buildPhases = (
				C9563A0B1BBADAD20092E776 /* Sources */,
				C9563A0C1BBADAD20092E776 /* Frameworks */,
				C9563A0D1BBADAD20092E776 /* Resources */,
			);
			buildRules = (
			);
			dependencies = (
			);
			name = AdivinaNumero;
			productName = AdivinaNumero;
			productReference = C9563A0F1BBADAD20092E776 /* AdivinaNumero.app */;
			productType = "com.apple.product-type.application";
		};
		C9563A221BBADAD30092E776 /* AdivinaNumeroTests */ = {
			isa = PBXNativeTarget;
			buildConfigurationList = C9563A3A1BBADAD30092E776 /* Build configuration list for PBXNativeTarget "AdivinaNumeroTests" */;
			buildPhases = (
				C9563A1F1BBADAD30092E776 /* Sources */,
				C9563A201BBADAD30092E776 /* Frameworks */,
				C9563A211BBADAD30092E776 /* Resources */,
			);
			buildRules = (
			);
			dependencies = (
				C9563A251BBADAD30092E776 /* PBXTargetDependency */,
			);
			name = AdivinaNumeroTests;
			productName = AdivinaNumeroTests;
			productReference = C9563A231BBADAD30092E776 /* AdivinaNumeroTests.xctest */;
			productType = "com.apple.product-type.bundle.unit-test";
		};
		C9563A2D1BBADAD30092E776 /* AdivinaNumeroUITests */ = {
			isa = PBXNativeTarget;
			buildConfigurationList = C9563A3D1BBADAD30092E776 /* Build configuration list for PBXNativeTarget "AdivinaNumeroUITests" */;
			buildPhases = (
				C9563A2A1BBADAD30092E776 /* Sources */,
				C9563A2B1BBADAD30092E776 /* Frameworks */,
				C9563A2C1BBADAD30092E776 /* Resources */,
			);
			buildRules = (
			);
			dependencies = (
				C9563A301BBADAD30092E776 /* PBXTargetDependency */,
			);
			name = AdivinaNumeroUITests;
			productName = AdivinaNumeroUITests;
			productReference = C9563A2E1BBADAD30092E776 /* AdivinaNumeroUITests.xctest */;
			productType = "com.apple.product-type.bundle.ui-testing";
		};
/* End PBXNativeTarget section */

/* Begin PBXProject section */
		C9563A071BBADAD20092E776 /* Project object */ = {
			isa = PBXProject;
			attributes = {
				LastUpgradeCheck = 0700;
				ORGANIZATIONNAME = usu27;
				TargetAttributes = {
					C9563A0E1BBADAD20092E776 = {
						CreatedOnToolsVersion = 7.0;
					};
					C9563A221BBADAD30092E776 = {
						CreatedOnToolsVersion = 7.0;
						TestTargetID = C9563A0E1BBADAD20092E776;
					};
					C9563A2D1BBADAD30092E776 = {
						CreatedOnToolsVersion = 7.0;
						TestTargetID = C9563A0E1BBADAD20092E776;
					};
				};
			};
			buildConfigurationList = C9563A0A1BBADAD20092E776 /* Build configuration list for PBXProject "AdivinaNumero" */;
			compatibilityVersion = "Xcode 3.2";
			developmentRegion = English;
			hasScannedForEncodings = 0;
			knownRegions = (
				en,
				Base,
			);
			mainGroup = C9563A061BBADAD20092E776;
			productRefGroup = C9563A101BBADAD20092E776 /* Products */;
			projectDirPath = "";
			projectRoot = "";
			targets = (
				C9563A0E1BBADAD20092E776 /* AdivinaNumero */,
				C9563A221BBADAD30092E776 /* AdivinaNumeroTests */,
				C9563A2D1BBADAD30092E776 /* AdivinaNumeroUITests */,
			);
		};
/* End PBXProject section */

/* Begin PBXResourcesBuildPhase section */
		C9563A0D1BBADAD20092E776 /* Resources */ = {
			isa = PBXResourcesBuildPhase;
			buildActionMask = 2147483647;
			files = (
				C9563A1D1BBADAD20092E776 /* LaunchScreen.storyboard in Resources */,
				C9563A1A1BBADAD20092E776 /* Assets.xcassets in Resources */,
				C9563A181BBADAD20092E776 /* Main.storyboard in Resources */,
			);
			runOnlyForDeploymentPostprocessing = 0;
		};
		C9563A211BBADAD30092E776 /* Resources */ = {
			isa = PBXResourcesBuildPhase;
			buildActionMask = 2147483647;
			files = (
			);
			runOnlyForDeploymentPostprocessing = 0;
		};
		C9563A2C1BBADAD30092E776 /* Resources */ = {
			isa = PBXResourcesBuildPhase;
			buildActionMask = 2147483647;
			files = (
			);
			runOnlyForDeploymentPostprocessing = 0;
		};
/* End PBXResourcesBuildPhase section */

/* Begin PBXSourcesBuildPhase section */
		C9563A0B1BBADAD20092E776 /* Sources */ = {
			isa = PBXSourcesBuildPhase;
			buildActionMask = 2147483647;
			files = (
				C9563A151BBADAD20092E776 /* ViewController.swift in Sources */,
				C9563A131BBADAD20092E776 /* AppDelegate.swift in Sources */,
				C971709A1BBC5F4800306C86 /* ViewController2.swift in Sources */,
			);
			runOnlyForDeploymentPostprocessing = 0;
		};
		C9563A1F1BBADAD30092E776 /* Sources */ = {
			isa = PBXSourcesBuildPhase;
			buildActionMask = 2147483647;
			files = (
				C9563A281BBADAD30092E776 /* AdivinaNumeroTests.swift in Sources */,
			);
			runOnlyForDeploymentPostprocessing = 0;
		};
		C9563A2A1BBADAD30092E776 /* Sources */ = {
			isa = PBXSourcesBuildPhase;
			buildActionMask = 2147483647;
			files = (
				C9563A331BBADAD30092E776 /* AdivinaNumeroUITests.swift in Sources */,
			);
			runOnlyForDeploymentPostprocessing = 0;
		};
/* End PBXSourcesBuildPhase section */

/* Begin PBXTargetDependency section */
		C9563A251BBADAD30092E776 /* PBXTargetDependency */ = {
			isa = PBXTargetDependency;
			target = C9563A0E1BBADAD20092E776 /* AdivinaNumero */;
			targetProxy = C9563A241BBADAD30092E776 /* PBXContainerItemProxy */;
		};
		C9563A301BBADAD30092E776 /* PBXTargetDependency */ = {
			isa = PBXTargetDependency;
			target = C9563A0E1BBADAD20092E776 /* AdivinaNumero */;
			targetProxy = C9563A2F1BBADAD30092E776 /* PBXContainerItemProxy */;
		};
/* End PBXTargetDependency section */

/* Begin PBXVariantGroup section */
		C9563A161BBADAD20092E776 /* Main.storyboard */ = {
			isa = PBXVariantGroup;
			children = (
				C9563A171BBADAD20092E776 /* Base */,
			);
			name = Main.storyboard;
			sourceTree = "<group>";
		};
		C9563A1B1BBADAD20092E776 /* LaunchScreen.storyboard */ = {
			isa = PBXVariantGroup;
			children = (
				C9563A1C1BBADAD20092E776 /* Base */,
			);
			name = LaunchScreen.storyboard;
			sourceTree = "<group>";
		};
/* End PBXVariantGroup section */

/* Begin XCBuildConfiguration section */
		C9563A351BBADAD30092E776 /* Debug */ = {
			isa = XCBuildConfiguration;
			buildSettings = {
				ALWAYS_SEARCH_USER_PATHS = NO;
				CLANG_CXX_LANGUAGE_STANDARD = "gnu++0x";
				CLANG_CXX_LIBRARY = "libc++";
				CLANG_ENABLE_MODULES = YES;
				CLANG_ENABLE_OBJC_ARC = YES;
				CLANG_WARN_BOOL_CONVERSION = YES;
				CLANG_WARN_CONSTANT_CONVERSION = YES;
				CLANG_WARN_DIRECT_OBJC_ISA_USAGE = YES_ERROR;
				CLANG_WARN_EMPTY_BODY = YES;
				CLANG_WARN_ENUM_CONVERSION = YES;
				CLANG_WARN_INT_CONVERSION = YES;
				CLANG_WARN_OBJC_ROOT_CLASS = YES_ERROR;
				CLANG_WARN_UNREACHABLE_CODE = YES;
				CLANG_WARN__DUPLICATE_METHOD_MATCH = YES;
				"CODE_SIGN_IDENTITY[sdk=iphoneos*]" = "iPhone Developer";
				COPY_PHASE_STRIP = NO;
				DEBUG_INFORMATION_FORMAT = dwarf;
				ENABLE_STRICT_OBJC_MSGSEND = YES;
				ENABLE_TESTABILITY = YES;
				GCC_C_LANGUAGE_STANDARD = gnu99;
				GCC_DYNAMIC_NO_PIC = NO;
				GCC_NO_COMMON_BLOCKS = YES;
				GCC_OPTIMIZATION_LEVEL = 0;
				GCC_PREPROCESSOR_DEFINITIONS = (
					"DEBUG=1",
					"$(inherited)",
				);
				GCC_WARN_64_TO_32_BIT_CONVERSION = YES;
				GCC_WARN_ABOUT_RETURN_TYPE = YES_ERROR;
				GCC_WARN_UNDECLARED_SELECTOR = YES;
				GCC_WARN_UNINITIALIZED_AUTOS = YES_AGGRESSIVE;
				GCC_WARN_UNUSED_FUNCTION = YES;
				GCC_WARN_UNUSED_VARIABLE = YES;
				IPHONEOS_DEPLOYMENT_TARGET = 9.0;
				MTL_ENABLE_DEBUG_INFO = YES;
				ONLY_ACTIVE_ARCH = YES;
				SDKROOT = iphoneos;
				SWIFT_OPTIMIZATION_LEVEL = "-Onone";
			};
			name = Debug;
		};
		C9563A361BBADAD30092E776 /* Release */ = {
			isa = XCBuildConfiguration;
			buildSettings = {
				ALWAYS_SEARCH_USER_PATHS = NO;
				CLANG_CXX_LANGUAGE_STANDARD = "gnu++0x";
				CLANG_CXX_LIBRARY = "libc++";
				CLANG_ENABLE_MODULES = YES;
				CLANG_ENABLE_OBJC_ARC = YES;
				CLANG_WARN_BOOL_CONVERSION = YES;
				CLANG_WARN_CONSTANT_CONVERSION = YES;
				CLANG_WARN_DIRECT_OBJC_ISA_USAGE = YES_ERROR;
				CLANG_WARN_EMPTY_BODY = YES;
				CLANG_WARN_ENUM_CONVERSION = YES;
				CLANG_WARN_INT_CONVERSION = YES;
				CLANG_WARN_OBJC_ROOT_CLASS = YES_ERROR;
				CLANG_WARN_UNREACHABLE_CODE = YES;
				CLANG_WARN__DUPLICATE_METHOD_MATCH = YES;
				"CODE_SIGN_IDENTITY[sdk=iphoneos*]" = "iPhone Developer";
				COPY_PHASE_STRIP = NO;
				DEBUG_INFORMATION_FORMAT = "dwarf-with-dsym";
				ENABLE_NS_ASSERTIONS = NO;
				ENABLE_STRICT_OBJC_MSGSEND = YES;
				GCC_C_LANGUAGE_STANDARD = gnu99;
				GCC_NO_COMMON_BLOCKS = YES;
				GCC_WARN_64_TO_32_BIT_CONVERSION = YES;
				GCC_WARN_ABOUT_RETURN_TYPE = YES_ERROR;
				GCC_WARN_UNDECLARED_SELECTOR = YES;
				GCC_WARN_UNINITIALIZED_AUTOS = YES_AGGRESSIVE;
				GCC_WARN_UNUSED_FUNCTION = YES;
				GCC_WARN_UNUSED_VARIABLE = YES;
				IPHONEOS_DEPLOYMENT_TARGET = 9.0;
				MTL_ENABLE_DEBUG_INFO = NO;
				SDKROOT = iphoneos;
				VALIDATE_PRODUCT = YES;
			};
			name = Release;
		};
		C9563A381BBADAD30092E776 /* Debug */ = {
			isa = XCBuildConfiguration;
			buildSettings = {
				ASSETCATALOG_COMPILER_APPICON_NAME = AppIcon;
				INFOPLIST_FILE = AdivinaNumero/Info.plist;
				LD_RUNPATH_SEARCH_PATHS = "$(inherited) @executable_path/Frameworks";
				PRODUCT_BUNDLE_IDENTIFIER = Eric.AdivinaNumero;
				PRODUCT_NAME = "$(TARGET_NAME)";
			};
			name = Debug;
		};
		C9563A391BBADAD30092E776 /* Release */ = {
			isa = XCBuildConfiguration;
			buildSettings = {
				ASSETCATALOG_COMPILER_APPICON_NAME = AppIcon;
				INFOPLIST_FILE = AdivinaNumero/Info.plist;
				LD_RUNPATH_SEARCH_PATHS = "$(inherited) @executable_path/Frameworks";
				PRODUCT_BUNDLE_IDENTIFIER = Eric.AdivinaNumero;
				PRODUCT_NAME = "$(TARGET_NAME)";
			};
			name = Release;
		};
		C9563A3B1BBADAD30092E776 /* Debug */ = {
			isa = XCBuildConfiguration;
			buildSettings = {
				BUNDLE_LOADER = "$(TEST_HOST)";
				INFOPLIST_FILE = AdivinaNumeroTests/Info.plist;
				LD_RUNPATH_SEARCH_PATHS = "$(inherited) @executable_path/Frameworks @loader_path/Frameworks";
				PRODUCT_BUNDLE_IDENTIFIER = Eric.AdivinaNumeroTests;
				PRODUCT_NAME = "$(TARGET_NAME)";
				TEST_HOST = "$(BUILT_PRODUCTS_DIR)/AdivinaNumero.app/AdivinaNumero";
			};
			name = Debug;
		};
		C9563A3C1BBADAD30092E776 /* Release */ = {
			isa = XCBuildConfiguration;
			buildSettings = {
				BUNDLE_LOADER = "$(TEST_HOST)";
				INFOPLIST_FILE = AdivinaNumeroTests/Info.plist;
				LD_RUNPATH_SEARCH_PATHS = "$(inherited) @executable_path/Frameworks @loader_path/Frameworks";
				PRODUCT_BUNDLE_IDENTIFIER = Eric.AdivinaNumeroTests;
				PRODUCT_NAME = "$(TARGET_NAME)";
				TEST_HOST = "$(BUILT_PRODUCTS_DIR)/AdivinaNumero.app/AdivinaNumero";
			};
			name = Release;
		};
		C9563A3E1BBADAD30092E776 /* Debug */ = {
			isa = XCBuildConfiguration;
			buildSettings = {
				INFOPLIST_FILE = AdivinaNumeroUITests/Info.plist;
				LD_RUNPATH_SEARCH_PATHS = "$(inherited) @executable_path/Frameworks @loader_path/Frameworks";
				PRODUCT_BUNDLE_IDENTIFIER = Eric.AdivinaNumeroUITests;
				PRODUCT_NAME = "$(TARGET_NAME)";
				TEST_TARGET_NAME = AdivinaNumero;
				USES_XCTRUNNER = YES;
			};
			name = Debug;
		};
		C9563A3F1BBADAD30092E776 /* Release */ = {
			isa = XCBuildConfiguration;
			buildSettings = {
				INFOPLIST_FILE = AdivinaNumeroUITests/Info.plist;
				LD_RUNPATH_SEARCH_PATHS = "$(inherited) @executable_path/Frameworks @loader_path/Frameworks";
				PRODUCT_BUNDLE_IDENTIFIER = Eric.AdivinaNumeroUITests;
				PRODUCT_NAME = "$(TARGET_NAME)";
				TEST_TARGET_NAME = AdivinaNumero;
				USES_XCTRUNNER = YES;
			};
			name = Release;
		};
/* End XCBuildConfiguration section */

/* Begin XCConfigurationList section */
		C9563A0A1BBADAD20092E776 /* Build configuration list for PBXProject "AdivinaNumero" */ = {
			isa = XCConfigurationList;
			buildConfigurations = (
				C9563A351BBADAD30092E776 /* Debug */,
				C9563A361BBADAD30092E776 /* Release */,
			);
			defaultConfigurationIsVisible = 0;
			defaultConfigurationName = Release;
		};
		C9563A371BBADAD30092E776 /* Build configuration list for PBXNativeTarget "AdivinaNumero" */ = {
			isa = XCConfigurationList;
			buildConfigurations = (
				C9563A381BBADAD30092E776 /* Debug */,
				C9563A391BBADAD30092E776 /* Release */,
			);
			defaultConfigurationIsVisible = 0;
			defaultConfigurationName = Release;
		};
		C9563A3A1BBADAD30092E776 /* Build configuration list for PBXNativeTarget "AdivinaNumeroTests" */ = {
			isa = XCConfigurationList;
			buildConfigurations = (
				C9563A3B1BBADAD30092E776 /* Debug */,
				C9563A3C1BBADAD30092E776 /* Release */,
			);
			defaultConfigurationIsVisible = 0;
			defaultConfigurationName = Release;
		};
		C9563A3D1BBADAD30092E776 /* Build configuration list for PBXNativeTarget "AdivinaNumeroUITests" */ = {
			isa = XCConfigurationList;
			buildConfigurations = (
				C9563A3E1BBADAD30092E776 /* Debug */,
				C9563A3F1BBADAD30092E776 /* Release */,
			);
			defaultConfigurationIsVisible = 0;
			defaultConfigurationName = Release;
		};
/* End XCConfigurationList section */
	};
	rootObject = C9563A071BBADAD20092E776 /* Project object */;
}
